// !$*UTF8*$!
{
	archiveVersion = 1;
	classes = {
	};
	objectVersion = 50;
	objects = {

/* Begin PBXBuildFile section */
		872A097F217FF1F9004B8830 /* AppDelegate.swift in Sources */ = {isa = PBXBuildFile; fileRef = 872A097E217FF1F9004B8830 /* AppDelegate.swift */; };
		872A0981217FF1F9004B8830 /* ViewController.swift in Sources */ = {isa = PBXBuildFile; fileRef = 872A0980217FF1F9004B8830 /* ViewController.swift */; };
		872A0984217FF1F9004B8830 /* Main.storyboard in Resources */ = {isa = PBXBuildFile; fileRef = 872A0982217FF1F9004B8830 /* Main.storyboard */; };
		872A0986217FF1FA004B8830 /* Assets.xcassets in Resources */ = {isa = PBXBuildFile; fileRef = 872A0985217FF1FA004B8830 /* Assets.xcassets */; };
		872A0989217FF1FA004B8830 /* LaunchScreen.storyboard in Resources */ = {isa = PBXBuildFile; fileRef = 872A0987217FF1FA004B8830 /* LaunchScreen.storyboard */; };
		872A0994217FF1FA004B8830 /* hustle_modeTests.swift in Sources */ = {isa = PBXBuildFile; fileRef = 872A0993217FF1FA004B8830 /* hustle_modeTests.swift */; };
		872A099F217FF1FA004B8830 /* hustle_modeUITests.swift in Sources */ = {isa = PBXBuildFile; fileRef = 872A099E217FF1FA004B8830 /* hustle_modeUITests.swift */; };
		8750AAC021A8CCED003C3F41 /* hustle-on.wav in Resources */ = {isa = PBXBuildFile; fileRef = 8750AABF21A8CCED003C3F41 /* hustle-on.wav */; };
/* End PBXBuildFile section */

/* Begin PBXContainerItemProxy section */
		872A0990217FF1FA004B8830 /* PBXContainerItemProxy */ = {
			isa = PBXContainerItemProxy;
			containerPortal = 872A0973217FF1F9004B8830 /* Project object */;
			proxyType = 1;
			remoteGlobalIDString = 872A097A217FF1F9004B8830;
			remoteInfo = "hustle-mode";
		};
		872A099B217FF1FA004B8830 /* PBXContainerItemProxy */ = {
			isa = PBXContainerItemProxy;
			containerPortal = 872A0973217FF1F9004B8830 /* Project object */;
			proxyType = 1;
			remoteGlobalIDString = 872A097A217FF1F9004B8830;
			remoteInfo = "hustle-mode";
		};
/* End PBXContainerItemProxy section */

/* Begin PBXFileReference section */
		872A097B217FF1F9004B8830 /* hustle-mode.app */ = {isa = PBXFileReference; explicitFileType = wrapper.application; includeInIndex = 0; path = "hustle-mode.app"; sourceTree = BUILT_PRODUCTS_DIR; };
		872A097E217FF1F9004B8830 /* AppDelegate.swift */ = {isa = PBXFileReference; lastKnownFileType = sourcecode.swift; path = AppDelegate.swift; sourceTree = "<group>"; };
		872A0980217FF1F9004B8830 /* ViewController.swift */ = {isa = PBXFileReference; lastKnownFileType = sourcecode.swift; path = ViewController.swift; sourceTree = "<group>"; };
		872A0983217FF1F9004B8830 /* Base */ = {isa = PBXFileReference; lastKnownFileType = file.storyboard; name = Base; path = Base.lproj/Main.storyboard; sourceTree = "<group>"; };
		872A0985217FF1FA004B8830 /* Assets.xcassets */ = {isa = PBXFileReference; lastKnownFileType = folder.assetcatalog; path = Assets.xcassets; sourceTree = "<group>"; };
		872A0988217FF1FA004B8830 /* Base */ = {isa = PBXFileReference; lastKnownFileType = file.storyboard; name = Base; path = Base.lproj/LaunchScreen.storyboard; sourceTree = "<group>"; };
		872A098A217FF1FA004B8830 /* Info.plist */ = {isa = PBXFileReference; lastKnownFileType = text.plist.xml; path = Info.plist; sourceTree = "<group>"; };
		872A098F217FF1FA004B8830 /* hustle-modeTests.xctest */ = {isa = PBXFileReference; explicitFileType = wrapper.cfbundle; includeInIndex = 0; path = "hustle-modeTests.xctest"; sourceTree = BUILT_PRODUCTS_DIR; };
		872A0993217FF1FA004B8830 /* hustle_modeTests.swift */ = {isa = PBXFileReference; lastKnownFileType = sourcecode.swift; path = hustle_modeTests.swift; sourceTree = "<group>"; };
		872A0995217FF1FA004B8830 /* Info.plist */ = {isa = PBXFileReference; lastKnownFileType = text.plist.xml; path = Info.plist; sourceTree = "<group>"; };
		872A099A217FF1FA004B8830 /* hustle-modeUITests.xctest */ = {isa = PBXFileReference; explicitFileType = wrapper.cfbundle; includeInIndex = 0; path = "hustle-modeUITests.xctest"; sourceTree = BUILT_PRODUCTS_DIR; };
		872A099E217FF1FA004B8830 /* hustle_modeUITests.swift */ = {isa = PBXFileReference; lastKnownFileType = sourcecode.swift; path = hustle_modeUITests.swift; sourceTree = "<group>"; };
		872A09A0217FF1FA004B8830 /* Info.plist */ = {isa = PBXFileReference; lastKnownFileType = text.plist.xml; path = Info.plist; sourceTree = "<group>"; };
		8750AABF21A8CCED003C3F41 /* hustle-on.wav */ = {isa = PBXFileReference; lastKnownFileType = audio.wav; name = "hustle-on.wav"; path = "../../hustle-mode-code-assets/assets/Assets/hustle-on.wav"; sourceTree = "<group>"; };
/* End PBXFileReference section */

/* Begin PBXFrameworksBuildPhase section */
		872A0978217FF1F9004B8830 /* Frameworks */ = {
			isa = PBXFrameworksBuildPhase;
			buildActionMask = 2147483647;
			files = (
			);
			runOnlyForDeploymentPostprocessing = 0;
		};
		872A098C217FF1FA004B8830 /* Frameworks */ = {
			isa = PBXFrameworksBuildPhase;
			buildActionMask = 2147483647;
			files = (
			);
			runOnlyForDeploymentPostprocessing = 0;
		};
		872A0997217FF1FA004B8830 /* Frameworks */ = {
			isa = PBXFrameworksBuildPhase;
			buildActionMask = 2147483647;
			files = (
			);
			runOnlyForDeploymentPostprocessing = 0;
		};
/* End PBXFrameworksBuildPhase section */

/* Begin PBXGroup section */
		872A0972217FF1F9004B8830 = {
			isa = PBXGroup;
			children = (
				872A097D217FF1F9004B8830 /* hustle-mode */,
				872A0992217FF1FA004B8830 /* hustle-modeTests */,
				872A099D217FF1FA004B8830 /* hustle-modeUITests */,
				872A097C217FF1F9004B8830 /* Products */,
			);
			sourceTree = "<group>";
		};
		872A097C217FF1F9004B8830 /* Products */ = {
			isa = PBXGroup;
			children = (
				872A097B217FF1F9004B8830 /* hustle-mode.app */,
				872A098F217FF1FA004B8830 /* hustle-modeTests.xctest */,
				872A099A217FF1FA004B8830 /* hustle-modeUITests.xctest */,
			);
			name = Products;
			sourceTree = "<group>";
		};
		872A097D217FF1F9004B8830 /* hustle-mode */ = {
			isa = PBXGroup;
			children = (
				8750AABF21A8CCED003C3F41 /* hustle-on.wav */,
				872A097E217FF1F9004B8830 /* AppDelegate.swift */,
				872A0980217FF1F9004B8830 /* ViewController.swift */,
				872A0982217FF1F9004B8830 /* Main.storyboard */,
				872A0985217FF1FA004B8830 /* Assets.xcassets */,
				872A0987217FF1FA004B8830 /* LaunchScreen.storyboard */,
				872A098A217FF1FA004B8830 /* Info.plist */,
			);
			path = "hustle-mode";
			sourceTree = "<group>";
		};
		872A0992217FF1FA004B8830 /* hustle-modeTests */ = {
			isa = PBXGroup;
			children = (
				872A0993217FF1FA004B8830 /* hustle_modeTests.swift */,
				872A0995217FF1FA004B8830 /* Info.plist */,
			);
			path = "hustle-modeTests";
			sourceTree = "<group>";
		};
		872A099D217FF1FA004B8830 /* hustle-modeUITests */ = {
			isa = PBXGroup;
			children = (
				872A099E217FF1FA004B8830 /* hustle_modeUITests.swift */,
				872A09A0217FF1FA004B8830 /* Info.plist */,
			);
			path = "hustle-modeUITests";
			sourceTree = "<group>";
		};
/* End PBXGroup section */

/* Begin PBXNativeTarget section */
		872A097A217FF1F9004B8830 /* hustle-mode */ = {
			isa = PBXNativeTarget;
			buildConfigurationList = 872A09A3217FF1FA004B8830 /* Build configuration list for PBXNativeTarget "hustle-mode" */;
			buildPhases = (
				872A0977217FF1F9004B8830 /* Sources */,
				872A0978217FF1F9004B8830 /* Frameworks */,
				872A0979217FF1F9004B8830 /* Resources */,
			);
			buildRules = (
			);
			dependencies = (
			);
			name = "hustle-mode";
			productName = "hustle-mode";
			productReference = 872A097B217FF1F9004B8830 /* hustle-mode.app */;
			productType = "com.apple.product-type.application";
		};
		872A098E217FF1FA004B8830 /* hustle-modeTests */ = {
			isa = PBXNativeTarget;
			buildConfigurationList = 872A09A6217FF1FA004B8830 /* Build configuration list for PBXNativeTarget "hustle-modeTests" */;
			buildPhases = (
				872A098B217FF1FA004B8830 /* Sources */,
				872A098C217FF1FA004B8830 /* Frameworks */,
				872A098D217FF1FA004B8830 /* Resources */,
			);
			buildRules = (
			);
			dependencies = (
				872A0991217FF1FA004B8830 /* PBXTargetDependency */,
			);
			name = "hustle-modeTests";
			productName = "hustle-modeTests";
			productReference = 872A098F217FF1FA004B8830 /* hustle-modeTests.xctest */;
			productType = "com.apple.product-type.bundle.unit-test";
		};
		872A0999217FF1FA004B8830 /* hustle-modeUITests */ = {
			isa = PBXNativeTarget;
			buildConfigurationList = 872A09A9217FF1FA004B8830 /* Build configuration list for PBXNativeTarget "hustle-modeUITests" */;
			buildPhases = (
				872A0996217FF1FA004B8830 /* Sources */,
				872A0997217FF1FA004B8830 /* Frameworks */,
				872A0998217FF1FA004B8830 /* Resources */,
			);
			buildRules = (
			);
			dependencies = (
				872A099C217FF1FA004B8830 /* PBXTargetDependency */,
			);
			name = "hustle-modeUITests";
			productName = "hustle-modeUITests";
			productReference = 872A099A217FF1FA004B8830 /* hustle-modeUITests.xctest */;
			productType = "com.apple.product-type.bundle.ui-testing";
		};
/* End PBXNativeTarget section */

/* Begin PBXProject section */
		872A0973217FF1F9004B8830 /* Project object */ = {
			isa = PBXProject;
			attributes = {
				LastSwiftUpdateCheck = 1000;
				LastUpgradeCheck = 1000;
				ORGANIZATIONNAME = "Jean Carlo da Silva";
				TargetAttributes = {
					872A097A217FF1F9004B8830 = {
						CreatedOnToolsVersion = 10.0;
					};
					872A098E217FF1FA004B8830 = {
						CreatedOnToolsVersion = 10.0;
						TestTargetID = 872A097A217FF1F9004B8830;
					};
					872A0999217FF1FA004B8830 = {
						CreatedOnToolsVersion = 10.0;
						TestTargetID = 872A097A217FF1F9004B8830;
					};
				};
			};
			buildConfigurationList = 872A0976217FF1F9004B8830 /* Build configuration list for PBXProject "hustle-mode" */;
			compatibilityVersion = "Xcode 9.3";
			developmentRegion = en;
			hasScannedForEncodings = 0;
			knownRegions = (
				en,
				Base,
			);
			mainGroup = 872A0972217FF1F9004B8830;
			productRefGroup = 872A097C217FF1F9004B8830 /* Products */;
			projectDirPath = "";
			projectRoot = "";
			targets = (
				872A097A217FF1F9004B8830 /* hustle-mode */,
				872A098E217FF1FA004B8830 /* hustle-modeTests */,
				872A0999217FF1FA004B8830 /* hustle-modeUITests */,
			);
		};
/* End PBXProject section */

/* Begin PBXResourcesBuildPhase section */
		872A0979217FF1F9004B8830 /* Resources */ = {
			isa = PBXResourcesBuildPhase;
			buildActionMask = 2147483647;
			files = (
				8750AAC021A8CCED003C3F41 /* hustle-on.wav in Resources */,
				872A0989217FF1FA004B8830 /* LaunchScreen.storyboard in Resources */,
				872A0986217FF1FA004B8830 /* Assets.xcassets in Resources */,
				872A0984217FF1F9004B8830 /* Main.storyboard in Resources */,
			);
			runOnlyForDeploymentPostprocessing = 0;
		};
		872A098D217FF1FA004B8830 /* Resources */ = {
			isa = PBXResourcesBuildPhase;
			buildActionMask = 2147483647;
			files = (
			);
			runOnlyForDeploymentPostprocessing = 0;
		};
		872A0998217FF1FA004B8830 /* Resources */ = {
			isa = PBXResourcesBuildPhase;
			buildActionMask = 2147483647;
			files = (
			);
			runOnlyForDeploymentPostprocessing = 0;
		};
/* End PBXResourcesBuildPhase section */

/* Begin PBXSourcesBuildPhase section */
		872A0977217FF1F9004B8830 /* Sources */ = {
			isa = PBXSourcesBuildPhase;
			buildActionMask = 2147483647;
			files = (
				872A0981217FF1F9004B8830 /* ViewController.swift in Sources */,
				872A097F217FF1F9004B8830 /* AppDelegate.swift in Sources */,
			);
			runOnlyForDeploymentPostprocessing = 0;
		};
		872A098B217FF1FA004B8830 /* Sources */ = {
			isa = PBXSourcesBuildPhase;
			buildActionMask = 2147483647;
			files = (
				872A0994217FF1FA004B8830 /* hustle_modeTests.swift in Sources */,
			);
			runOnlyForDeploymentPostprocessing = 0;
		};
		872A0996217FF1FA004B8830 /* Sources */ = {
			isa = PBXSourcesBuildPhase;
			buildActionMask = 2147483647;
			files = (
				872A099F217FF1FA004B8830 /* hustle_modeUITests.swift in Sources */,
			);
			runOnlyForDeploymentPostprocessing = 0;
		};
/* End PBXSourcesBuildPhase section */

/* Begin PBXTargetDependency section */
		872A0991217FF1FA004B8830 /* PBXTargetDependency */ = {
			isa = PBXTargetDependency;
			target = 872A097A217FF1F9004B8830 /* hustle-mode */;
			targetProxy = 872A0990217FF1FA004B8830 /* PBXContainerItemProxy */;
		};
		872A099C217FF1FA004B8830 /* PBXTargetDependency */ = {
			isa = PBXTargetDependency;
			target = 872A097A217FF1F9004B8830 /* hustle-mode */;
			targetProxy = 872A099B217FF1FA004B8830 /* PBXContainerItemProxy */;
		};
/* End PBXTargetDependency section */

/* Begin PBXVariantGroup section */
		872A0982217FF1F9004B8830 /* Main.storyboard */ = {
			isa = PBXVariantGroup;
			children = (
				872A0983217FF1F9004B8830 /* Base */,
			);
			name = Main.storyboard;
			sourceTree = "<group>";
		};
		872A0987217FF1FA004B8830 /* LaunchScreen.storyboard */ = {
			isa = PBXVariantGroup;
			children = (
				872A0988217FF1FA004B8830 /* Base */,
			);
			name = LaunchScreen.storyboard;
			sourceTree = "<group>";
		};
/* End PBXVariantGroup section */

/* Begin XCBuildConfiguration section */
		872A09A1217FF1FA004B8830 /* Debug */ = {
			isa = XCBuildConfiguration;
			buildSettings = {
				ALWAYS_SEARCH_USER_PATHS = NO;
				CLANG_ANALYZER_NONNULL = YES;
				CLANG_ANALYZER_NUMBER_OBJECT_CONVERSION = YES_AGGRESSIVE;
				CLANG_CXX_LANGUAGE_STANDARD = "gnu++14";
				CLANG_CXX_LIBRARY = "libc++";
				CLANG_ENABLE_MODULES = YES;
				CLANG_ENABLE_OBJC_ARC = YES;
				CLANG_ENABLE_OBJC_WEAK = YES;
				CLANG_WARN_BLOCK_CAPTURE_AUTORELEASING = YES;
				CLANG_WARN_BOOL_CONVERSION = YES;
				CLANG_WARN_COMMA = YES;
				CLANG_WARN_CONSTANT_CONVERSION = YES;
				CLANG_WARN_DEPRECATED_OBJC_IMPLEMENTATIONS = YES;
				CLANG_WARN_DIRECT_OBJC_ISA_USAGE = YES_ERROR;
				CLANG_WARN_DOCUMENTATION_COMMENTS = YES;
				CLANG_WARN_EMPTY_BODY = YES;
				CLANG_WARN_ENUM_CONVERSION = YES;
				CLANG_WARN_INFINITE_RECURSION = YES;
				CLANG_WARN_INT_CONVERSION = YES;
				CLANG_WARN_NON_LITERAL_NULL_CONVERSION = YES;
				CLANG_WARN_OBJC_IMPLICIT_RETAIN_SELF = YES;
				CLANG_WARN_OBJC_LITERAL_CONVERSION = YES;
				CLANG_WARN_OBJC_ROOT_CLASS = YES_ERROR;
				CLANG_WARN_RANGE_LOOP_ANALYSIS = YES;
				CLANG_WARN_STRICT_PROTOTYPES = YES;
				CLANG_WARN_SUSPICIOUS_MOVE = YES;
				CLANG_WARN_UNGUARDED_AVAILABILITY = YES_AGGRESSIVE;
				CLANG_WARN_UNREACHABLE_CODE = YES;
				CLANG_WARN__DUPLICATE_METHOD_MATCH = YES;
				CODE_SIGN_IDENTITY = "iPhone Developer";
				COPY_PHASE_STRIP = NO;
				DEBUG_INFORMATION_FORMAT = dwarf;
				ENABLE_STRICT_OBJC_MSGSEND = YES;
				ENABLE_TESTABILITY = YES;
				GCC_C_LANGUAGE_STANDARD = gnu11;
				GCC_DYNAMIC_NO_PIC = NO;
				GCC_NO_COMMON_BLOCKS = YES;
				GCC_OPTIMIZATION_LEVEL = 0;
				GCC_PREPROCESSOR_DEFINITIONS = (
					"DEBUG=1",
					"$(inherited)",
				);
				GCC_WARN_64_TO_32_BIT_CONVERSION = YES;
				GCC_WARN_ABOUT_RETURN_TYPE = YES_ERROR;
				GCC_WARN_UNDECLARED_SELECTOR = YES;
				GCC_WARN_UNINITIALIZED_AUTOS = YES_AGGRESSIVE;
				GCC_WARN_UNUSED_FUNCTION = YES;
				GCC_WARN_UNUSED_VARIABLE = YES;
				IPHONEOS_DEPLOYMENT_TARGET = 12.0;
				MTL_ENABLE_DEBUG_INFO = INCLUDE_SOURCE;
				MTL_FAST_MATH = YES;
				ONLY_ACTIVE_ARCH = YES;
				SDKROOT = iphoneos;
				SWIFT_ACTIVE_COMPILATION_CONDITIONS = DEBUG;
				SWIFT_OPTIMIZATION_LEVEL = "-Onone";
			};
			name = Debug;
		};
		872A09A2217FF1FA004B8830 /* Release */ = {
			isa = XCBuildConfiguration;
			buildSettings = {
				ALWAYS_SEARCH_USER_PATHS = NO;
				CLANG_ANALYZER_NONNULL = YES;
				CLANG_ANALYZER_NUMBER_OBJECT_CONVERSION = YES_AGGRESSIVE;
				CLANG_CXX_LANGUAGE_STANDARD = "gnu++14";
				CLANG_CXX_LIBRARY = "libc++";
				CLANG_ENABLE_MODULES = YES;
				CLANG_ENABLE_OBJC_ARC = YES;
				CLANG_ENABLE_OBJC_WEAK = YES;
				CLANG_WARN_BLOCK_CAPTURE_AUTORELEASING = YES;
				CLANG_WARN_BOOL_CONVERSION = YES;
				CLANG_WARN_COMMA = YES;
				CLANG_WARN_CONSTANT_CONVERSION = YES;
				CLANG_WARN_DEPRECATED_OBJC_IMPLEMENTATIONS = YES;
				CLANG_WARN_DIRECT_OBJC_ISA_USAGE = YES_ERROR;
				CLANG_WARN_DOCUMENTATION_COMMENTS = YES;
				CLANG_WARN_EMPTY_BODY = YES;
				CLANG_WARN_ENUM_CONVERSION = YES;
				CLANG_WARN_INFINITE_RECURSION = YES;
				CLANG_WARN_INT_CONVERSION = YES;
				CLANG_WARN_NON_LITERAL_NULL_CONVERSION = YES;
				CLANG_WARN_OBJC_IMPLICIT_RETAIN_SELF = YES;
				CLANG_WARN_OBJC_LITERAL_CONVERSION = YES;
				CLANG_WARN_OBJC_ROOT_CLASS = YES_ERROR;
				CLANG_WARN_RANGE_LOOP_ANALYSIS = YES;
				CLANG_WARN_STRICT_PROTOTYPES = YES;
				CLANG_WARN_SUSPICIOUS_MOVE = YES;
				CLANG_WARN_UNGUARDED_AVAILABILITY = YES_AGGRESSIVE;
				CLANG_WARN_UNREACHABLE_CODE = YES;
				CLANG_WARN__DUPLICATE_METHOD_MATCH = YES;
				CODE_SIGN_IDENTITY = "iPhone Developer";
				COPY_PHASE_STRIP = NO;
				DEBUG_INFORMATION_FORMAT = "dwarf-with-dsym";
				ENABLE_NS_ASSERTIONS = NO;
				ENABLE_STRICT_OBJC_MSGSEND = YES;
				GCC_C_LANGUAGE_STANDARD = gnu11;
				GCC_NO_COMMON_BLOCKS = YES;
				GCC_WARN_64_TO_32_BIT_CONVERSION = YES;
				GCC_WARN_ABOUT_RETURN_TYPE = YES_ERROR;
				GCC_WARN_UNDECLARED_SELECTOR = YES;
				GCC_WARN_UNINITIALIZED_AUTOS = YES_AGGRESSIVE;
				GCC_WARN_UNUSED_FUNCTION = YES;
				GCC_WARN_UNUSED_VARIABLE = YES;
				IPHONEOS_DEPLOYMENT_TARGET = 12.0;
				MTL_ENABLE_DEBUG_INFO = NO;
				MTL_FAST_MATH = YES;
				SDKROOT = iphoneos;
				SWIFT_COMPILATION_MODE = wholemodule;
				SWIFT_OPTIMIZATION_LEVEL = "-O";
				VALIDATE_PRODUCT = YES;
			};
			name = Release;
		};
		872A09A4217FF1FA004B8830 /* Debug */ = {
			isa = XCBuildConfiguration;
			buildSettings = {
				ASSETCATALOG_COMPILER_APPICON_NAME = AppIcon;
				CODE_SIGN_STYLE = Automatic;
				DEVELOPMENT_TEAM = F67UD64CUV;
				INFOPLIST_FILE = "hustle-mode/Info.plist";
				LD_RUNPATH_SEARCH_PATHS = (
					"$(inherited)",
					"@executable_path/Frameworks",
				);
				PRODUCT_BUNDLE_IDENTIFIER = "com.jean.hustle-mode";
				PRODUCT_NAME = "$(TARGET_NAME)";
				SWIFT_VERSION = 4.2;
				TARGETED_DEVICE_FAMILY = "1,2";
			};
			name = Debug;
		};
		872A09A5217FF1FA004B8830 /* Release */ = {
			isa = XCBuildConfiguration;
			buildSettings = {
				ASSETCATALOG_COMPILER_APPICON_NAME = AppIcon;
				CODE_SIGN_STYLE = Automatic;
				DEVELOPMENT_TEAM = F67UD64CUV;
				INFOPLIST_FILE = "hustle-mode/Info.plist";
				LD_RUNPATH_SEARCH_PATHS = (
					"$(inherited)",
					"@executable_path/Frameworks",
				);
				PRODUCT_BUNDLE_IDENTIFIER = "com.jean.hustle-mode";
				PRODUCT_NAME = "$(TARGET_NAME)";
				SWIFT_VERSION = 4.2;
				TARGETED_DEVICE_FAMILY = "1,2";
			};
			name = Release;
		};
		872A09A7217FF1FA004B8830 /* Debug */ = {
			isa = XCBuildConfiguration;
			buildSettings = {
				ALWAYS_EMBED_SWIFT_STANDARD_LIBRARIES = YES;
				BUNDLE_LOADER = "$(TEST_HOST)";
				CODE_SIGN_STYLE = Automatic;
				DEVELOPMENT_TEAM = F67UD64CUV;
				INFOPLIST_FILE = "hustle-modeTests/Info.plist";
				LD_RUNPATH_SEARCH_PATHS = (
					"$(inherited)",
					"@executable_path/Frameworks",
					"@loader_path/Frameworks",
				);
				PRODUCT_BUNDLE_IDENTIFIER = "com.jean.hustle-modeTests";
				PRODUCT_NAME = "$(TARGET_NAME)";
				SWIFT_VERSION = 4.2;
				TARGETED_DEVICE_FAMILY = "1,2";
				TEST_HOST = "$(BUILT_PRODUCTS_DIR)/hustle-mode.app/hustle-mode";
			};
			name = Debug;
		};
		872A09A8217FF1FA004B8830 /* Release */ = {
			isa = XCBuildConfiguration;
			buildSettings = {
				ALWAYS_EMBED_SWIFT_STANDARD_LIBRARIES = YES;
				BUNDLE_LOADER = "$(TEST_HOST)";
				CODE_SIGN_STYLE = Automatic;
				DEVELOPMENT_TEAM = F67UD64CUV;
				INFOPLIST_FILE = "hustle-modeTests/Info.plist";
				LD_RUNPATH_SEARCH_PATHS = (
					"$(inherited)",
					"@executable_path/Frameworks",
					"@loader_path/Frameworks",
				);
				PRODUCT_BUNDLE_IDENTIFIER = "com.jean.hustle-modeTests";
				PRODUCT_NAME = "$(TARGET_NAME)";
				SWIFT_VERSION = 4.2;
				TARGETED_DEVICE_FAMILY = "1,2";
				TEST_HOST = "$(BUILT_PRODUCTS_DIR)/hustle-mode.app/hustle-mode";
			};
			name = Release;
		};
		872A09AA217FF1FA004B8830 /* Debug */ = {
			isa = XCBuildConfiguration;
			buildSettings = {
				ALWAYS_EMBED_SWIFT_STANDARD_LIBRARIES = YES;
				CODE_SIGN_STYLE = Automatic;
				DEVELOPMENT_TEAM = F67UD64CUV;
				INFOPLIST_FILE = "hustle-modeUITests/Info.plist";
				LD_RUNPATH_SEARCH_PATHS = (
					"$(inherited)",
					"@executable_path/Frameworks",
					"@loader_path/Frameworks",
				);
				PRODUCT_BUNDLE_IDENTIFIER = "com.jean.hustle-modeUITests";
				PRODUCT_NAME = "$(TARGET_NAME)";
				SWIFT_VERSION = 4.2;
				TARGETED_DEVICE_FAMILY = "1,2";
				TEST_TARGET_NAME = "hustle-mode";
			};
			name = Debug;
		};
		872A09AB217FF1FA004B8830 /* Release */ = {
			isa = XCBuildConfiguration;
			buildSettings = {
				ALWAYS_EMBED_SWIFT_STANDARD_LIBRARIES = YES;
				CODE_SIGN_STYLE = Automatic;
				DEVELOPMENT_TEAM = F67UD64CUV;
				INFOPLIST_FILE = "hustle-modeUITests/Info.plist";
				LD_RUNPATH_SEARCH_PATHS = (
					"$(inherited)",
					"@executable_path/Frameworks",
					"@loader_path/Frameworks",
				);
				PRODUCT_BUNDLE_IDENTIFIER = "com.jean.hustle-modeUITests";
				PRODUCT_NAME = "$(TARGET_NAME)";
				SWIFT_VERSION = 4.2;
				TARGETED_DEVICE_FAMILY = "1,2";
				TEST_TARGET_NAME = "hustle-mode";
			};
			name = Release;
		};
/* End XCBuildConfiguration section */

/* Begin XCConfigurationList section */
		872A0976217FF1F9004B8830 /* Build configuration list for PBXProject "hustle-mode" */ = {
			isa = XCConfigurationList;
			buildConfigurations = (
				872A09A1217FF1FA004B8830 /* Debug */,
				872A09A2217FF1FA004B8830 /* Release */,
			);
			defaultConfigurationIsVisible = 0;
			defaultConfigurationName = Release;
		};
		872A09A3217FF1FA004B8830 /* Build configuration list for PBXNativeTarget "hustle-mode" */ = {
			isa = XCConfigurationList;
			buildConfigurations = (
				872A09A4217FF1FA004B8830 /* Debug */,
				872A09A5217FF1FA004B8830 /* Release */,
			);
			defaultConfigurationIsVisible = 0;
			defaultConfigurationName = Release;
		};
		872A09A6217FF1FA004B8830 /* Build configuration list for PBXNativeTarget "hustle-modeTests" */ = {
			isa = XCConfigurationList;
			buildConfigurations = (
				872A09A7217FF1FA004B8830 /* Debug */,
				872A09A8217FF1FA004B8830 /* Release */,
			);
			defaultConfigurationIsVisible = 0;
			defaultConfigurationName = Release;
		};
		872A09A9217FF1FA004B8830 /* Build configuration list for PBXNativeTarget "hustle-modeUITests" */ = {
			isa = XCConfigurationList;
			buildConfigurations = (
				872A09AA217FF1FA004B8830 /* Debug */,
				872A09AB217FF1FA004B8830 /* Release */,
			);
			defaultConfigurationIsVisible = 0;
			defaultConfigurationName = Release;
		};
/* End XCConfigurationList section */
	};
	rootObject = 872A0973217FF1F9004B8830 /* Project object */;
}
